
Microsoft Visual Studio Solution File, Format Version 12.00
# Visual Studio Version 16
VisualStudioVersion = 16.0.30804.86
MinimumVisualStudioVersion = 10.0.40219.1
Project("{9A19103F-16F7-4668-BE54-9A1E7A4F7556}") = "Tracktor.CLI", "Tracktor.CLI\Tracktor.CLI.csproj", "{6566BC94-AB16-4220-8043-B373C87F551E}"
EndProject
Project("{9A19103F-16F7-4668-BE54-9A1E7A4F7556}") = "Tracktor", "Tracktor\Tracktor.csproj", "{017A1D1F-257F-4954-82C1-8C1D6049A4DB}"
EndProject
Global
	GlobalSection(SolutionConfigurationPlatforms) = preSolution
		Debug|Any CPU = Debug|Any CPU
		Release|Any CPU = Release|Any CPU
	EndGlobalSection
	GlobalSection(ProjectConfigurationPlatforms) = postSolution
		{6566BC94-AB16-4220-8043-B373C87F551E}.Debug|Any CPU.ActiveCfg = Debug|Any CPU
		{6566BC94-AB16-4220-8043-B373C87F551E}.Debug|Any CPU.Build.0 = Debug|Any CPU
		{6566BC94-AB16-4220-8043-B373C87F551E}.Release|Any CPU.ActiveCfg = Release|Any CPU
		{6566BC94-AB16-4220-8043-B373C87F551E}.Release|Any CPU.Build.0 = Release|Any CPU
		{017A1D1F-257F-4954-82C1-8C1D6049A4DB}.Debug|Any CPU.ActiveCfg = Debug|Any CPU
		{017A1D1F-257F-4954-82C1-8C1D6049A4DB}.Debug|Any CPU.Build.0 = Debug|Any CPU
		{017A1D1F-257F-4954-82C1-8C1D6049A4DB}.Release|Any CPU.ActiveCfg = Release|Any CPU
		{017A1D1F-257F-4954-82C1-8C1D6049A4DB}.Release|Any CPU.Build.0 = Release|Any CPU
	EndGlobalSection
	GlobalSection(SolutionProperties) = preSolution
		HideSolutionNode = FALSE
	EndGlobalSection
	GlobalSection(ExtensibilityGlobals) = postSolution
		SolutionGuid = {77B027F1-DBD5-4687-91CE-DC45939A5DD3}
	EndGlobalSection
EndGlobal
